<Solution>
  <Folder Name="/backend/">
    <Project Path="backend/Hospital.Api/Hospital.Api.csproj" />
    <Project Path="backend/Hospital.Core/Hospital.Core.csproj" />
    <Project Path="backend/Hospital.Infrastructure/Hospital.Infrastructure.csproj" />
  </Folder>
  <Folder Name="/tests/">
    <Project Path="tests/Hospital.Api.IntegrationTests/Hospital.Api.IntegrationTests.csproj" />
    <Project Path="tests/Hospital.Core.Tests/Hospital.Core.Tests.csproj" />
  </Folder>
</Solution>
